
Microsoft Visual Studio Solution File, Format Version 12.00
Project("{2150E333-8FDC-42A3-9474-1A3956D46DE8}") = "Src", "Src", "{43A6B1CF-E5D9-4A10-A30F-7BFFAEA28DFE}"
EndProject
Project("{2150E333-8FDC-42A3-9474-1A3956D46DE8}") = "Tests", "Tests", "{498E3618-D518-42B5-B56B-59391D5CEB60}"
EndProject
Project("{FAE04EC0-301F-11D3-BF4B-00C04F79EFBC}") = "Domain", "Domain\Domain.csproj", "{163FA058-2CAF-4B24-A5DE-89CE5D4A64C7}"
EndProject
Project("{FAE04EC0-301F-11D3-BF4B-00C04F79EFBC}") = "Application", "Application\Application.csproj", "{39731393-D64A-43AC-9E6F-8165F495A350}"
EndProject
Project("{FAE04EC0-301F-11D3-BF4B-00C04F79EFBC}") = "Api", "Api\Api.csproj", "{4DD238EA-DD43-457A-BEA1-227584BA72E9}"
EndProject
Project("{FAE04EC0-301F-11D3-BF4B-00C04F79EFBC}") = "Domain.UnitTests", "Domain.UnitTests\Domain.UnitTests.csproj", "{0E88EEAD-E681-4DBD-B47A-20A094D18616}"
EndProject
Project("{FAE04EC0-301F-11D3-BF4B-00C04F79EFBC}") = "Application.UnitTests", "Application.UnitTests\Application.UnitTests.csproj", "{807D9115-6DA8-4B50-AD10-D71F68FCA128}"
EndProject
Project("{2150E333-8FDC-42A3-9474-1A3956D46DE8}") = "Core", "Core", "{4D920D90-3BB1-405F-B2D4-1FF6F23A60D5}"
EndProject
Project("{2150E333-8FDC-42A3-9474-1A3956D46DE8}") = "Presentation", "Presentation", "{522C0C54-A8A8-4242-9BFD-C2F934F0FD8E}"
EndProject
Project("{2150E333-8FDC-42A3-9474-1A3956D46DE8}") = "Infrastructure", "Infrastructure", "{21F746B2-E35F-4979-AB54-D18FCD83ABD7}"
EndProject
Project("{FAE04EC0-301F-11D3-BF4B-00C04F79EFBC}") = "Persistence", "Persistence\Persistence.csproj", "{BFAE9C4C-A95F-4A3E-AB83-A4B309BB68D7}"
EndProject
Project("{FAE04EC0-301F-11D3-BF4B-00C04F79EFBC}") = "Bank", "Bank\Bank.csproj", "{74202C74-C043-43CD-A79A-C3967EFB0080}"
EndProject
Global
	GlobalSection(SolutionConfigurationPlatforms) = preSolution
		Debug|Any CPU = Debug|Any CPU
		Release|Any CPU = Release|Any CPU
	EndGlobalSection
	GlobalSection(ProjectConfigurationPlatforms) = postSolution
		{163FA058-2CAF-4B24-A5DE-89CE5D4A64C7}.Debug|Any CPU.ActiveCfg = Debug|Any CPU
		{163FA058-2CAF-4B24-A5DE-89CE5D4A64C7}.Debug|Any CPU.Build.0 = Debug|Any CPU
		{163FA058-2CAF-4B24-A5DE-89CE5D4A64C7}.Release|Any CPU.ActiveCfg = Release|Any CPU
		{163FA058-2CAF-4B24-A5DE-89CE5D4A64C7}.Release|Any CPU.Build.0 = Release|Any CPU
		{39731393-D64A-43AC-9E6F-8165F495A350}.Debug|Any CPU.ActiveCfg = Debug|Any CPU
		{39731393-D64A-43AC-9E6F-8165F495A350}.Debug|Any CPU.Build.0 = Debug|Any CPU
		{39731393-D64A-43AC-9E6F-8165F495A350}.Release|Any CPU.ActiveCfg = Release|Any CPU
		{39731393-D64A-43AC-9E6F-8165F495A350}.Release|Any CPU.Build.0 = Release|Any CPU
		{4DD238EA-DD43-457A-BEA1-227584BA72E9}.Debug|Any CPU.ActiveCfg = Debug|Any CPU
		{4DD238EA-DD43-457A-BEA1-227584BA72E9}.Debug|Any CPU.Build.0 = Debug|Any CPU
		{4DD238EA-DD43-457A-BEA1-227584BA72E9}.Release|Any CPU.ActiveCfg = Release|Any CPU
		{4DD238EA-DD43-457A-BEA1-227584BA72E9}.Release|Any CPU.Build.0 = Release|Any CPU
		{0E88EEAD-E681-4DBD-B47A-20A094D18616}.Debug|Any CPU.ActiveCfg = Debug|Any CPU
		{0E88EEAD-E681-4DBD-B47A-20A094D18616}.Debug|Any CPU.Build.0 = Debug|Any CPU
		{0E88EEAD-E681-4DBD-B47A-20A094D18616}.Release|Any CPU.ActiveCfg = Release|Any CPU
		{0E88EEAD-E681-4DBD-B47A-20A094D18616}.Release|Any CPU.Build.0 = Release|Any CPU
		{807D9115-6DA8-4B50-AD10-D71F68FCA128}.Debug|Any CPU.ActiveCfg = Debug|Any CPU
		{807D9115-6DA8-4B50-AD10-D71F68FCA128}.Debug|Any CPU.Build.0 = Debug|Any CPU
		{807D9115-6DA8-4B50-AD10-D71F68FCA128}.Release|Any CPU.ActiveCfg = Release|Any CPU
		{807D9115-6DA8-4B50-AD10-D71F68FCA128}.Release|Any CPU.Build.0 = Release|Any CPU
		{BFAE9C4C-A95F-4A3E-AB83-A4B309BB68D7}.Debug|Any CPU.ActiveCfg = Debug|Any CPU
		{BFAE9C4C-A95F-4A3E-AB83-A4B309BB68D7}.Debug|Any CPU.Build.0 = Debug|Any CPU
		{BFAE9C4C-A95F-4A3E-AB83-A4B309BB68D7}.Release|Any CPU.ActiveCfg = Release|Any CPU
		{BFAE9C4C-A95F-4A3E-AB83-A4B309BB68D7}.Release|Any CPU.Build.0 = Release|Any CPU
		{74202C74-C043-43CD-A79A-C3967EFB0080}.Debug|Any CPU.ActiveCfg = Debug|Any CPU
		{74202C74-C043-43CD-A79A-C3967EFB0080}.Debug|Any CPU.Build.0 = Debug|Any CPU
		{74202C74-C043-43CD-A79A-C3967EFB0080}.Release|Any CPU.ActiveCfg = Release|Any CPU
		{74202C74-C043-43CD-A79A-C3967EFB0080}.Release|Any CPU.Build.0 = Release|Any CPU
	EndGlobalSection
	GlobalSection(NestedProjects) = preSolution
		{0E88EEAD-E681-4DBD-B47A-20A094D18616} = {498E3618-D518-42B5-B56B-59391D5CEB60}
		{807D9115-6DA8-4B50-AD10-D71F68FCA128} = {498E3618-D518-42B5-B56B-59391D5CEB60}
		{4D920D90-3BB1-405F-B2D4-1FF6F23A60D5} = {43A6B1CF-E5D9-4A10-A30F-7BFFAEA28DFE}
		{39731393-D64A-43AC-9E6F-8165F495A350} = {4D920D90-3BB1-405F-B2D4-1FF6F23A60D5}
		{163FA058-2CAF-4B24-A5DE-89CE5D4A64C7} = {4D920D90-3BB1-405F-B2D4-1FF6F23A60D5}
		{522C0C54-A8A8-4242-9BFD-C2F934F0FD8E} = {43A6B1CF-E5D9-4A10-A30F-7BFFAEA28DFE}
		{4DD238EA-DD43-457A-BEA1-227584BA72E9} = {522C0C54-A8A8-4242-9BFD-C2F934F0FD8E}
		{21F746B2-E35F-4979-AB54-D18FCD83ABD7} = {43A6B1CF-E5D9-4A10-A30F-7BFFAEA28DFE}
		{BFAE9C4C-A95F-4A3E-AB83-A4B309BB68D7} = {21F746B2-E35F-4979-AB54-D18FCD83ABD7}
		{74202C74-C043-43CD-A79A-C3967EFB0080} = {21F746B2-E35F-4979-AB54-D18FCD83ABD7}
	EndGlobalSection
EndGlobal
