
Microsoft Visual Studio Solution File, Format Version 12.00
Project("{2150E333-8FDC-42A3-9474-1A3956D46DE8}") = "Src", "Src", "{43A6B1CF-E5D9-4A10-A30F-7BFFAEA28DFE}"
EndProject
Project("{2150E333-8FDC-42A3-9474-1A3956D46DE8}") = "Test", "Test", "{498E3618-D518-42B5-B56B-59391D5CEB60}"
EndProject
Project("{FAE04EC0-301F-11D3-BF4B-00C04F79EFBC}") = "Domain", "Domain\Domain.csproj", "{163FA058-2CAF-4B24-A5DE-89CE5D4A64C7}"
EndProject
Project("{FAE04EC0-301F-11D3-BF4B-00C04F79EFBC}") = "Application", "Application\Application.csproj", "{39731393-D64A-43AC-9E6F-8165F495A350}"
EndProject
Project("{FAE04EC0-301F-11D3-BF4B-00C04F79EFBC}") = "Api", "Api\Api.csproj", "{4DD238EA-DD43-457A-BEA1-227584BA72E9}"
EndProject
Project("{FAE04EC0-301F-11D3-BF4B-00C04F79EFBC}") = "Domain.UnitTests", "Domain.UnitTests\Domain.UnitTests.csproj", "{0E88EEAD-E681-4DBD-B47A-20A094D18616}"
EndProject
Project("{FAE04EC0-301F-11D3-BF4B-00C04F79EFBC}") = "Application.UnitTests", "Application.UnitTests\Application.UnitTests.csproj", "{807D9115-6DA8-4B50-AD10-D71F68FCA128}"
EndProject
Project("{2150E333-8FDC-42A3-9474-1A3956D46DE8}") = "Core", "Core", "{4D920D90-3BB1-405F-B2D4-1FF6F23A60D5}"
EndProject
Project("{2150E333-8FDC-42A3-9474-1A3956D46DE8}") = "Presentation", "Presentation", "{522C0C54-A8A8-4242-9BFD-C2F934F0FD8E}"
EndProject
Project("{2150E333-8FDC-42A3-9474-1A3956D46DE8}") = "Infrastructure", "Infrastructure", "{21F746B2-E35F-4979-AB54-D18FCD83ABD7}"
EndProject
Project("{FAE04EC0-301F-11D3-BF4B-00C04F79EFBC}") = "Persistence", "Persistence\Persistence.csproj", "{BFAE9C4C-A95F-4A3E-AB83-A4B309BB68D7}"
EndProject
Project("{FAE04EC0-301F-11D3-BF4B-00C04F79EFBC}") = "Bank", "Bank\Bank.csproj", "{74202C74-C043-43CD-A79A-C3967EFB0080}"
EndProject
Project("{2150E333-8FDC-42A3-9474-1A3956D46DE8}") = "Build", "Build", "{82D2A6FE-D0C3-4348-AC7A-5F8B295204C0}"
EndProject
Project("{FAE04EC0-301F-11D3-BF4B-00C04F79EFBC}") = "DbMigration", "DbMigration\DbMigration.csproj", "{F38A5B05-45E8-48EE-87AD-FFAEFD7AAA78}"
EndProject
Project("{FAE04EC0-301F-11D3-BF4B-00C04F79EFBC}") = "Common", "Common\Common.csproj", "{87F0D81D-472A-4640-8D7D-2ECBA453D25F}"
EndProject
Project("{FAE04EC0-301F-11D3-BF4B-00C04F79EFBC}") = "Infrastructure", "Infrastructure\Infrastructure.csproj", "{3D0B89D4-C98C-4998-9D6D-6B926C0E02B7}"
EndProject
Project("{FAE04EC0-301F-11D3-BF4B-00C04F79EFBC}") = "IdentityServer", "IdentityServer\IdentityServer.csproj", "{29F11B03-EB2D-4C5C-9CAC-223485C6C4C7}"
EndProject
Project("{2150E333-8FDC-42A3-9474-1A3956D46DE8}") = "TestClients", "TestClients", "{5B4104B2-69A7-4F97-954D-17BDA9EF5C62}"
EndProject
Project("{FAE04EC0-301F-11D3-BF4B-00C04F79EFBC}") = "ApiClient", "ApiClient\ApiClient.csproj", "{8C17556B-B5DD-4D10-A125-B61E42450B2D}"
EndProject
Project("{FAE04EC0-301F-11D3-BF4B-00C04F79EFBC}") = "Build", "Build\Build.csproj", "{986CD5A2-2DDD-454A-8104-AAE86DBBC103}"
EndProject
Project("{FAE04EC0-301F-11D3-BF4B-00C04F79EFBC}") = "Persistence.IntegrationTests", "Persistence.IntegrationTests\Persistence.IntegrationTests.csproj", "{AFBAE904-E7E5-4163-BCBC-BDD3D253156C}"
EndProject
Project("{FAE04EC0-301F-11D3-BF4B-00C04F79EFBC}") = "Api.IntegrationTests", "Api.IntegrationTests\Api.IntegrationTests.csproj", "{2DC49C79-7DC8-4C84-868B-F06169584E55}"
EndProject
Project("{FAE04EC0-301F-11D3-BF4B-00C04F79EFBC}") = "TestCommon", "TestCommon\TestCommon.csproj", "{A14AE547-6C65-46E8-AFED-CF08717F850D}"
EndProject
Global
	GlobalSection(SolutionConfigurationPlatforms) = preSolution
		Debug|Any CPU = Debug|Any CPU
		Release|Any CPU = Release|Any CPU
	EndGlobalSection
	GlobalSection(ProjectConfigurationPlatforms) = postSolution
		{163FA058-2CAF-4B24-A5DE-89CE5D4A64C7}.Debug|Any CPU.ActiveCfg = Debug|Any CPU
		{163FA058-2CAF-4B24-A5DE-89CE5D4A64C7}.Debug|Any CPU.Build.0 = Debug|Any CPU
		{163FA058-2CAF-4B24-A5DE-89CE5D4A64C7}.Release|Any CPU.ActiveCfg = Release|Any CPU
		{163FA058-2CAF-4B24-A5DE-89CE5D4A64C7}.Release|Any CPU.Build.0 = Release|Any CPU
		{39731393-D64A-43AC-9E6F-8165F495A350}.Debug|Any CPU.ActiveCfg = Debug|Any CPU
		{39731393-D64A-43AC-9E6F-8165F495A350}.Debug|Any CPU.Build.0 = Debug|Any CPU
		{39731393-D64A-43AC-9E6F-8165F495A350}.Release|Any CPU.ActiveCfg = Release|Any CPU
		{39731393-D64A-43AC-9E6F-8165F495A350}.Release|Any CPU.Build.0 = Release|Any CPU
		{4DD238EA-DD43-457A-BEA1-227584BA72E9}.Debug|Any CPU.ActiveCfg = Debug|Any CPU
		{4DD238EA-DD43-457A-BEA1-227584BA72E9}.Debug|Any CPU.Build.0 = Debug|Any CPU
		{4DD238EA-DD43-457A-BEA1-227584BA72E9}.Release|Any CPU.ActiveCfg = Release|Any CPU
		{4DD238EA-DD43-457A-BEA1-227584BA72E9}.Release|Any CPU.Build.0 = Release|Any CPU
		{0E88EEAD-E681-4DBD-B47A-20A094D18616}.Debug|Any CPU.ActiveCfg = Debug|Any CPU
		{0E88EEAD-E681-4DBD-B47A-20A094D18616}.Debug|Any CPU.Build.0 = Debug|Any CPU
		{0E88EEAD-E681-4DBD-B47A-20A094D18616}.Release|Any CPU.ActiveCfg = Release|Any CPU
		{0E88EEAD-E681-4DBD-B47A-20A094D18616}.Release|Any CPU.Build.0 = Release|Any CPU
		{807D9115-6DA8-4B50-AD10-D71F68FCA128}.Debug|Any CPU.ActiveCfg = Debug|Any CPU
		{807D9115-6DA8-4B50-AD10-D71F68FCA128}.Debug|Any CPU.Build.0 = Debug|Any CPU
		{807D9115-6DA8-4B50-AD10-D71F68FCA128}.Release|Any CPU.ActiveCfg = Release|Any CPU
		{807D9115-6DA8-4B50-AD10-D71F68FCA128}.Release|Any CPU.Build.0 = Release|Any CPU
		{BFAE9C4C-A95F-4A3E-AB83-A4B309BB68D7}.Debug|Any CPU.ActiveCfg = Debug|Any CPU
		{BFAE9C4C-A95F-4A3E-AB83-A4B309BB68D7}.Debug|Any CPU.Build.0 = Debug|Any CPU
		{BFAE9C4C-A95F-4A3E-AB83-A4B309BB68D7}.Release|Any CPU.ActiveCfg = Release|Any CPU
		{BFAE9C4C-A95F-4A3E-AB83-A4B309BB68D7}.Release|Any CPU.Build.0 = Release|Any CPU
		{74202C74-C043-43CD-A79A-C3967EFB0080}.Debug|Any CPU.ActiveCfg = Debug|Any CPU
		{74202C74-C043-43CD-A79A-C3967EFB0080}.Debug|Any CPU.Build.0 = Debug|Any CPU
		{74202C74-C043-43CD-A79A-C3967EFB0080}.Release|Any CPU.ActiveCfg = Release|Any CPU
		{74202C74-C043-43CD-A79A-C3967EFB0080}.Release|Any CPU.Build.0 = Release|Any CPU
		{F38A5B05-45E8-48EE-87AD-FFAEFD7AAA78}.Debug|Any CPU.ActiveCfg = Debug|Any CPU
		{F38A5B05-45E8-48EE-87AD-FFAEFD7AAA78}.Debug|Any CPU.Build.0 = Debug|Any CPU
		{F38A5B05-45E8-48EE-87AD-FFAEFD7AAA78}.Release|Any CPU.ActiveCfg = Release|Any CPU
		{F38A5B05-45E8-48EE-87AD-FFAEFD7AAA78}.Release|Any CPU.Build.0 = Release|Any CPU
		{87F0D81D-472A-4640-8D7D-2ECBA453D25F}.Debug|Any CPU.ActiveCfg = Debug|Any CPU
		{87F0D81D-472A-4640-8D7D-2ECBA453D25F}.Debug|Any CPU.Build.0 = Debug|Any CPU
		{87F0D81D-472A-4640-8D7D-2ECBA453D25F}.Release|Any CPU.ActiveCfg = Release|Any CPU
		{87F0D81D-472A-4640-8D7D-2ECBA453D25F}.Release|Any CPU.Build.0 = Release|Any CPU
		{3D0B89D4-C98C-4998-9D6D-6B926C0E02B7}.Debug|Any CPU.ActiveCfg = Debug|Any CPU
		{3D0B89D4-C98C-4998-9D6D-6B926C0E02B7}.Debug|Any CPU.Build.0 = Debug|Any CPU
		{3D0B89D4-C98C-4998-9D6D-6B926C0E02B7}.Release|Any CPU.ActiveCfg = Release|Any CPU
		{3D0B89D4-C98C-4998-9D6D-6B926C0E02B7}.Release|Any CPU.Build.0 = Release|Any CPU
		{29F11B03-EB2D-4C5C-9CAC-223485C6C4C7}.Debug|Any CPU.ActiveCfg = Debug|Any CPU
		{29F11B03-EB2D-4C5C-9CAC-223485C6C4C7}.Debug|Any CPU.Build.0 = Debug|Any CPU
		{29F11B03-EB2D-4C5C-9CAC-223485C6C4C7}.Release|Any CPU.ActiveCfg = Release|Any CPU
		{29F11B03-EB2D-4C5C-9CAC-223485C6C4C7}.Release|Any CPU.Build.0 = Release|Any CPU
		{8C17556B-B5DD-4D10-A125-B61E42450B2D}.Debug|Any CPU.ActiveCfg = Debug|Any CPU
		{8C17556B-B5DD-4D10-A125-B61E42450B2D}.Debug|Any CPU.Build.0 = Debug|Any CPU
		{8C17556B-B5DD-4D10-A125-B61E42450B2D}.Release|Any CPU.ActiveCfg = Release|Any CPU
		{8C17556B-B5DD-4D10-A125-B61E42450B2D}.Release|Any CPU.Build.0 = Release|Any CPU
		{986CD5A2-2DDD-454A-8104-AAE86DBBC103}.Debug|Any CPU.ActiveCfg = Debug|Any CPU
		{986CD5A2-2DDD-454A-8104-AAE86DBBC103}.Debug|Any CPU.Build.0 = Debug|Any CPU
		{986CD5A2-2DDD-454A-8104-AAE86DBBC103}.Release|Any CPU.ActiveCfg = Release|Any CPU
		{986CD5A2-2DDD-454A-8104-AAE86DBBC103}.Release|Any CPU.Build.0 = Release|Any CPU
		{AFBAE904-E7E5-4163-BCBC-BDD3D253156C}.Debug|Any CPU.ActiveCfg = Debug|Any CPU
		{AFBAE904-E7E5-4163-BCBC-BDD3D253156C}.Debug|Any CPU.Build.0 = Debug|Any CPU
		{AFBAE904-E7E5-4163-BCBC-BDD3D253156C}.Release|Any CPU.ActiveCfg = Release|Any CPU
		{AFBAE904-E7E5-4163-BCBC-BDD3D253156C}.Release|Any CPU.Build.0 = Release|Any CPU
		{2DC49C79-7DC8-4C84-868B-F06169584E55}.Debug|Any CPU.ActiveCfg = Debug|Any CPU
		{2DC49C79-7DC8-4C84-868B-F06169584E55}.Debug|Any CPU.Build.0 = Debug|Any CPU
		{2DC49C79-7DC8-4C84-868B-F06169584E55}.Release|Any CPU.ActiveCfg = Release|Any CPU
		{2DC49C79-7DC8-4C84-868B-F06169584E55}.Release|Any CPU.Build.0 = Release|Any CPU
		{A14AE547-6C65-46E8-AFED-CF08717F850D}.Debug|Any CPU.ActiveCfg = Debug|Any CPU
		{A14AE547-6C65-46E8-AFED-CF08717F850D}.Debug|Any CPU.Build.0 = Debug|Any CPU
		{A14AE547-6C65-46E8-AFED-CF08717F850D}.Release|Any CPU.ActiveCfg = Release|Any CPU
		{A14AE547-6C65-46E8-AFED-CF08717F850D}.Release|Any CPU.Build.0 = Release|Any CPU
	EndGlobalSection
	GlobalSection(NestedProjects) = preSolution
		{0E88EEAD-E681-4DBD-B47A-20A094D18616} = {498E3618-D518-42B5-B56B-59391D5CEB60}
		{807D9115-6DA8-4B50-AD10-D71F68FCA128} = {498E3618-D518-42B5-B56B-59391D5CEB60}
		{4D920D90-3BB1-405F-B2D4-1FF6F23A60D5} = {43A6B1CF-E5D9-4A10-A30F-7BFFAEA28DFE}
		{39731393-D64A-43AC-9E6F-8165F495A350} = {4D920D90-3BB1-405F-B2D4-1FF6F23A60D5}
		{163FA058-2CAF-4B24-A5DE-89CE5D4A64C7} = {4D920D90-3BB1-405F-B2D4-1FF6F23A60D5}
		{522C0C54-A8A8-4242-9BFD-C2F934F0FD8E} = {43A6B1CF-E5D9-4A10-A30F-7BFFAEA28DFE}
		{4DD238EA-DD43-457A-BEA1-227584BA72E9} = {522C0C54-A8A8-4242-9BFD-C2F934F0FD8E}
		{21F746B2-E35F-4979-AB54-D18FCD83ABD7} = {43A6B1CF-E5D9-4A10-A30F-7BFFAEA28DFE}
		{BFAE9C4C-A95F-4A3E-AB83-A4B309BB68D7} = {21F746B2-E35F-4979-AB54-D18FCD83ABD7}
		{74202C74-C043-43CD-A79A-C3967EFB0080} = {21F746B2-E35F-4979-AB54-D18FCD83ABD7}
		{F38A5B05-45E8-48EE-87AD-FFAEFD7AAA78} = {21F746B2-E35F-4979-AB54-D18FCD83ABD7}
		{87F0D81D-472A-4640-8D7D-2ECBA453D25F} = {4D920D90-3BB1-405F-B2D4-1FF6F23A60D5}
		{3D0B89D4-C98C-4998-9D6D-6B926C0E02B7} = {21F746B2-E35F-4979-AB54-D18FCD83ABD7}
		{29F11B03-EB2D-4C5C-9CAC-223485C6C4C7} = {21F746B2-E35F-4979-AB54-D18FCD83ABD7}
		{8C17556B-B5DD-4D10-A125-B61E42450B2D} = {5B4104B2-69A7-4F97-954D-17BDA9EF5C62}
		{986CD5A2-2DDD-454A-8104-AAE86DBBC103} = {82D2A6FE-D0C3-4348-AC7A-5F8B295204C0}
		{AFBAE904-E7E5-4163-BCBC-BDD3D253156C} = {498E3618-D518-42B5-B56B-59391D5CEB60}
		{2DC49C79-7DC8-4C84-868B-F06169584E55} = {498E3618-D518-42B5-B56B-59391D5CEB60}
		{A14AE547-6C65-46E8-AFED-CF08717F850D} = {498E3618-D518-42B5-B56B-59391D5CEB60}
	EndGlobalSection
EndGlobal
